{
  "name": "server",
  "version": "1.0.0",
  "lockfileVersion": 1,
  "requires": true,
  "dependencies": {
    "@types/component-emitter": {
      "version": "1.2.10",
      "resolved": "https://registry.npm.taobao.org/@types/component-emitter/download/@types/component-emitter-1.2.10.tgz",
      "integrity": "sha1-71sVibnxZURkLkc9tepWORB+8+o="
    },
    "@types/cookie": {
      "version": "0.4.0",
      "resolved": "https://registry.npm.taobao.org/@types/cookie/download/@types/cookie-0.4.0.tgz",
      "integrity": "sha1-FPhUwPk9Mm452m47bzT303UT0Qg="
    },
    "@types/cors": {
      "version": "2.8.9",
      "resolved": "https://registry.npm.taobao.org/@types/cors/download/@types/cors-2.8.9.tgz",
      "integrity": "sha1-S9H8rHLsqNW+yT52x/3L3BvCzUo="
    },
    "@types/node": {
      "version": "14.14.22",
      "resolved": "https://registry.npm.taobao.org/@types/node/download/@types/node-14.14.22.tgz?cache=0&sync_timestamp=1611167664149&other_urls=https%3A%2F%2Fregistry.npm.taobao.org%2F%40types%2Fnode%2Fdownload%2F%40types%2Fnode-14.14.22.tgz",
      "integrity": "sha1-DSnzgkcsTM872W/wzkfa9be4Sxg="
    },
    "accepts": {
      "version": "1.3.7",
      "resolved": "https://registry.npm.taobao.org/accepts/download/accepts-1.3.7.tgz",
      "integrity": "sha1-UxvHJlF6OytB+FACHGzBXqq1B80=",
      "requires": {
        "mime-types": "~2.1.24",
        "negotiator": "0.6.2"
      }
    },
    "base64-arraybuffer": {
      "version": "0.1.4",
      "resolved": "https://registry.npm.taobao.org/base64-arraybuffer/download/base64-arraybuffer-0.1.4.tgz",
      "integrity": "sha1-mBjHngWbE1X5fgQooBfIOOkLqBI="
    },
    "base64id": {
      "version": "2.0.0",
      "resolved": "https://registry.npm.taobao.org/base64id/download/base64id-2.0.0.tgz",
      "integrity": "sha1-J3Csa8R9MSr5eov5pjQ0LgzSXLY="
    },
    "component-emitter": {
      "version": "1.3.0",
      "resolved": "https://registry.npm.taobao.org/component-emitter/download/component-emitter-1.3.0.tgz",
      "integrity": "sha1-FuQHD7qK4ptnnyIVhT7hgasuq8A="
    },
    "cookie": {
      "version": "0.4.1",
      "resolved": "https://registry.npm.taobao.org/cookie/download/cookie-0.4.1.tgz",
      "integrity": "sha1-r9cT/ibr0hupXOth+agRblClN9E="
    },
    "cors": {
      "version": "2.8.5",
      "resolved": "https://registry.npm.taobao.org/cors/download/cors-2.8.5.tgz",
      "integrity": "sha1-6sEdpRWS3Ya58G9uesKTs9+HXSk=",
      "requires": {
        "object-assign": "^4",
        "vary": "^1"
      }
    },
    "debug": {
      "version": "4.3.1",
      "resolved": "https://registry.npm.taobao.org/debug/download/debug-4.3.1.tgz?cache=0&sync_timestamp=1607566548985&other_urls=https%3A%2F%2Fregistry.npm.taobao.org%2Fdebug%2Fdownload%2Fdebug-4.3.1.tgz",
      "integrity": "sha1-8NIpxQXgxtjEmsVT0bE9wYP2su4=",
      "requires": {
        "ms": "2.1.2"
      }
    },
    "engine.io": {
      "version": "4.1.0",
      "resolved": "https://registry.npm.taobao.org/engine.io/download/engine.io-4.1.0.tgz",
      "integrity": "sha1-2KyQoJ7Z/HA6v4cCPx4YFeM/BE4=",
      "requires": {
        "accepts": "~1.3.4",
        "base64id": "2.0.0",
        "cookie": "~0.4.1",
        "cors": "~2.8.5",
        "debug": "~4.3.1",
        "engine.io-parser": "~4.0.0",
        "ws": "~7.4.2"
      }
    },
    "engine.io-parser": {
      "version": "4.0.2",
      "resolved": "https://registry.npm.taobao.org/engine.io-parser/download/engine.io-parser-4.0.2.tgz",
      "integrity": "sha1-5B0LP7Zve/SjZx0gOKFUAk7bUB4=",
      "requires": {
        "base64-arraybuffer": "0.1.4"
      }
    },
    "mime-db": {
      "version": "1.45.0",
      "resolved": "https://registry.npm.taobao.org/mime-db/download/mime-db-1.45.0.tgz",
      "integrity": "sha1-zO7aIczXw6dF66LezVXUtz54eeo="
    },
    "mime-types": {
      "version": "2.1.28",
      "resolved": "https://registry.npm.taobao.org/mime-types/download/mime-types-2.1.28.tgz?cache=0&sync_timestamp=1609559936613&other_urls=https%3A%2F%2Fregistry.npm.taobao.org%2Fmime-types%2Fdownload%2Fmime-types-2.1.28.tgz",
      "integrity": "sha1-EWDEdX6rLFNjiI4AUnPs950qDs0=",
      "requires": {
        "mime-db": "1.45.0"
      }
    },
    "ms": {
      "version": "2.1.2",
      "resolved": "https://registry.npm.taobao.org/ms/download/ms-2.1.2.tgz?cache=0&sync_timestamp=1607433856030&other_urls=https%3A%2F%2Fregistry.npm.taobao.org%2Fms%2Fdownload%2Fms-2.1.2.tgz",
      "integrity": "sha1-0J0fNXtEP0kzgqjrPM0YOHKuYAk="
    },
    "negotiator": {
      "version": "0.6.2",
      "resolved": "https://registry.npm.taobao.org/negotiator/download/negotiator-0.6.2.tgz",
      "integrity": "sha1-/qz3zPUlp3rpY0Q2pkiD/+yjRvs="
    },
    "object-assign": {
      "version": "4.1.1",
      "resolved": "https://registry.npm.taobao.org/object-assign/download/object-assign-4.1.1.tgz",
      "integrity": "sha1-IQmtx5ZYh8/AXLvUQsrIv7s2CGM="
    },
    "socket.io": {
      "version": "3.1.0",
      "resolved": "https://registry.npm.taobao.org/socket.io/download/socket.io-3.1.0.tgz?cache=0&other_urls=https%3A%2F%2Fregistry.npm.taobao.org%2Fsocket.io%2Fdownload%2Fsocket.io-3.1.0.tgz",
      "integrity": "sha1-TzrM2jHpWJP2GAkMnLXoXTRUIfs=",
      "requires": {
        "@types/cookie": "^0.4.0",
        "@types/cors": "^2.8.8",
        "@types/node": "^14.14.10",
        "accepts": "~1.3.4",
        "base64id": "~2.0.0",
        "debug": "~4.3.1",
        "engine.io": "~4.1.0",
        "socket.io-adapter": "~2.1.0",
        "socket.io-parser": "~4.0.3"
      }
    },
    "socket.io-adapter": {
      "version": "2.1.0",
      "resolved": "https://registry.npm.taobao.org/socket.io-adapter/download/socket.io-adapter-2.1.0.tgz?cache=0&sync_timestamp=1610670735445&other_urls=https%3A%2F%2Fregistry.npm.taobao.org%2Fsocket.io-adapter%2Fdownload%2Fsocket.io-adapter-2.1.0.tgz",
      "integrity": "sha1-7cXcNmAvKYWRjWMcE5khXpehtSc="
    },
    "socket.io-parser": {
      "version": "4.0.4",
      "resolved": "https://registry.npm.taobao.org/socket.io-parser/download/socket.io-parser-4.0.4.tgz?cache=0&sync_timestamp=1610669809014&other_urls=https%3A%2F%2Fregistry.npm.taobao.org%2Fsocket.io-parser%2Fdownload%2Fsocket.io-parser-4.0.4.tgz",
      "integrity": "sha1-nqIbDWFQjRgZbvBKLGuatjD0wrA=",
      "requires": {
        "@types/component-emitter": "^1.2.10",
        "component-emitter": "~1.3.0",
        "debug": "~4.3.1"
      }
    },
    "vary": {
      "version": "1.1.2",
      "resolved": "https://registry.npm.taobao.org/vary/download/vary-1.1.2.tgz",
      "integrity": "sha1-IpnwLG3tMNSllhsLn3RSShj2NPw="
    },
    "ws": {
      "version": "7.4.2",
      "resolved": "https://registry.npm.taobao.org/ws/download/ws-7.4.2.tgz",
      "integrity": "sha1-eCEABI5U6zb+mEM2OrHGhnKyYd0="
    }
  }
}
